// !$*UTF8*$!
{
	archiveVersion = 1;
	classes = {
	};
	objectVersion = 56;
	objects = {

/* Begin PBXBuildFile section */
		7A32272929F05B8D00656ABA /* HomeView.swift in Sources */ = {isa = PBXBuildFile; fileRef = 7A32272829F05B8D00656ABA /* HomeView.swift */; };
		7A32272D29F05D5C00656ABA /* NavigationBar.swift in Sources */ = {isa = PBXBuildFile; fileRef = 7A32272C29F05D5C00656ABA /* NavigationBar.swift */; };
		7A32272F29F0603B00656ABA /* Blur.swift in Sources */ = {isa = PBXBuildFile; fileRef = 7A32272E29F0603B00656ABA /* Blur.swift */; };
		7A32273129F06A5900656ABA /* SheetTransparent.swift in Sources */ = {isa = PBXBuildFile; fileRef = 7A32273029F06A5900656ABA /* SheetTransparent.swift */; };
		7A32273429F06F7C00656ABA /* Model.swift in Sources */ = {isa = PBXBuildFile; fileRef = 7A32273329F06F7C00656ABA /* Model.swift */; };
		7AA5019429F057E200B72F63 /* Arsenic_Level_ReportApp.swift in Sources */ = {isa = PBXBuildFile; fileRef = 7AA5019329F057E200B72F63 /* Arsenic_Level_ReportApp.swift */; };
		7AA5019629F057E200B72F63 /* ContentView.swift in Sources */ = {isa = PBXBuildFile; fileRef = 7AA5019529F057E200B72F63 /* ContentView.swift */; };
		7AA5019829F057E300B72F63 /* Assets.xcassets in Resources */ = {isa = PBXBuildFile; fileRef = 7AA5019729F057E300B72F63 /* Assets.xcassets */; };
		7AA5019B29F057E300B72F63 /* Preview Assets.xcassets in Resources */ = {isa = PBXBuildFile; fileRef = 7AA5019A29F057E300B72F63 /* Preview Assets.xcassets */; };
		7AA5019D29F057E300B72F63 /* Persistence.swift in Sources */ = {isa = PBXBuildFile; fileRef = 7AA5019C29F057E300B72F63 /* Persistence.swift */; };
		7AA501A029F057E300B72F63 /* Arsenic_Level_Report.xcdatamodeld in Sources */ = {isa = PBXBuildFile; fileRef = 7AA5019E29F057E300B72F63 /* Arsenic_Level_Report.xcdatamodeld */; };
		7AA501A729F05A3000B72F63 /* MainVariables.swift in Sources */ = {isa = PBXBuildFile; fileRef = 7AA501A629F05A3000B72F63 /* MainVariables.swift */; };
		7AA501AB29F05A7000B72F63 /* PrimaryExtensions.swift in Sources */ = {isa = PBXBuildFile; fileRef = 7AA501AA29F05A7000B72F63 /* PrimaryExtensions.swift */; };
/* End PBXBuildFile section */

/* Begin PBXFileReference section */
		7A32272829F05B8D00656ABA /* HomeView.swift */ = {isa = PBXFileReference; lastKnownFileType = sourcecode.swift; path = HomeView.swift; sourceTree = "<group>"; };
		7A32272C29F05D5C00656ABA /* NavigationBar.swift */ = {isa = PBXFileReference; lastKnownFileType = sourcecode.swift; path = NavigationBar.swift; sourceTree = "<group>"; };
		7A32272E29F0603B00656ABA /* Blur.swift */ = {isa = PBXFileReference; lastKnownFileType = sourcecode.swift; path = Blur.swift; sourceTree = "<group>"; };
		7A32273029F06A5900656ABA /* SheetTransparent.swift */ = {isa = PBXFileReference; lastKnownFileType = sourcecode.swift; path = SheetTransparent.swift; sourceTree = "<group>"; };
		7A32273329F06F7C00656ABA /* Model.swift */ = {isa = PBXFileReference; lastKnownFileType = sourcecode.swift; path = Model.swift; sourceTree = "<group>"; };
		7AA5019029F057E200B72F63 /* Arsenic Level Report.app */ = {isa = PBXFileReference; explicitFileType = wrapper.application; includeInIndex = 0; path = "Arsenic Level Report.app"; sourceTree = BUILT_PRODUCTS_DIR; };
		7AA5019329F057E200B72F63 /* Arsenic_Level_ReportApp.swift */ = {isa = PBXFileReference; lastKnownFileType = sourcecode.swift; path = Arsenic_Level_ReportApp.swift; sourceTree = "<group>"; };
		7AA5019529F057E200B72F63 /* ContentView.swift */ = {isa = PBXFileReference; lastKnownFileType = sourcecode.swift; path = ContentView.swift; sourceTree = "<group>"; };
		7AA5019729F057E300B72F63 /* Assets.xcassets */ = {isa = PBXFileReference; lastKnownFileType = folder.assetcatalog; path = Assets.xcassets; sourceTree = "<group>"; };
		7AA5019A29F057E300B72F63 /* Preview Assets.xcassets */ = {isa = PBXFileReference; lastKnownFileType = folder.assetcatalog; path = "Preview Assets.xcassets"; sourceTree = "<group>"; };
		7AA5019C29F057E300B72F63 /* Persistence.swift */ = {isa = PBXFileReference; lastKnownFileType = sourcecode.swift; path = Persistence.swift; sourceTree = "<group>"; };
		7AA5019F29F057E300B72F63 /* Arsenic_Level_Report.xcdatamodel */ = {isa = PBXFileReference; lastKnownFileType = wrapper.xcdatamodel; path = Arsenic_Level_Report.xcdatamodel; sourceTree = "<group>"; };
		7AA501A629F05A3000B72F63 /* MainVariables.swift */ = {isa = PBXFileReference; fileEncoding = 4; lastKnownFileType = sourcecode.swift; path = MainVariables.swift; sourceTree = "<group>"; };
		7AA501AA29F05A7000B72F63 /* PrimaryExtensions.swift */ = {isa = PBXFileReference; lastKnownFileType = sourcecode.swift; path = PrimaryExtensions.swift; sourceTree = "<group>"; };
/* End PBXFileReference section */

/* Begin PBXFrameworksBuildPhase section */
		7AA5018D29F057E200B72F63 /* Frameworks */ = {
			isa = PBXFrameworksBuildPhase;
			buildActionMask = 2147483647;
			files = (
			);
			runOnlyForDeploymentPostprocessing = 0;
		};
/* End PBXFrameworksBuildPhase section */

/* Begin PBXGroup section */
		7A32272729F05B3700656ABA /* Views */ = {
			isa = PBXGroup;
			children = (
				7A32272829F05B8D00656ABA /* HomeView.swift */,
			);
			path = Views;
			sourceTree = "<group>";
		};
		7A32272A29F05D0B00656ABA /* Components */ = {
			isa = PBXGroup;
			children = (
				7A32272B29F05D1700656ABA /* NavigationBar */,
				7A32272E29F0603B00656ABA /* Blur.swift */,
				7A32273029F06A5900656ABA /* SheetTransparent.swift */,
			);
			path = Components;
			sourceTree = "<group>";
		};
		7A32272B29F05D1700656ABA /* NavigationBar */ = {
			isa = PBXGroup;
			children = (
				7A32272C29F05D5C00656ABA /* NavigationBar.swift */,
			);
			path = NavigationBar;
			sourceTree = "<group>";
		};
		7A32273229F06F6E00656ABA /* Models */ = {
			isa = PBXGroup;
			children = (
				7A32273329F06F7C00656ABA /* Model.swift */,
			);
			path = Models;
			sourceTree = "<group>";
		};
		7AA5018729F057E200B72F63 = {
			isa = PBXGroup;
			children = (
				7AA5019229F057E200B72F63 /* Arsenic Level Report */,
				7AA5019129F057E200B72F63 /* Products */,
			);
			sourceTree = "<group>";
		};
		7AA5019129F057E200B72F63 /* Products */ = {
			isa = PBXGroup;
			children = (
				7AA5019029F057E200B72F63 /* Arsenic Level Report.app */,
			);
			name = Products;
			sourceTree = "<group>";
		};
		7AA5019229F057E200B72F63 /* Arsenic Level Report */ = {
			isa = PBXGroup;
			children = (
				7A32273229F06F6E00656ABA /* Models */,
				7A32272A29F05D0B00656ABA /* Components */,
				7A32272729F05B3700656ABA /* Views */,
				7AA501A929F05A5300B72F63 /* Extensions */,
				7AA501A829F05A4600B72F63 /* GlobalVariables */,
				7AA5019329F057E200B72F63 /* Arsenic_Level_ReportApp.swift */,
				7AA5019529F057E200B72F63 /* ContentView.swift */,
				7AA5019729F057E300B72F63 /* Assets.xcassets */,
				7AA5019C29F057E300B72F63 /* Persistence.swift */,
				7AA5019E29F057E300B72F63 /* Arsenic_Level_Report.xcdatamodeld */,
				7AA5019929F057E300B72F63 /* Preview Content */,
			);
			path = "Arsenic Level Report";
			sourceTree = "<group>";
		};
		7AA5019929F057E300B72F63 /* Preview Content */ = {
			isa = PBXGroup;
			children = (
				7AA5019A29F057E300B72F63 /* Preview Assets.xcassets */,
			);
			path = "Preview Content";
			sourceTree = "<group>";
		};
		7AA501A829F05A4600B72F63 /* GlobalVariables */ = {
			isa = PBXGroup;
			children = (
				7AA501A629F05A3000B72F63 /* MainVariables.swift */,
			);
			path = GlobalVariables;
			sourceTree = "<group>";
		};
		7AA501A929F05A5300B72F63 /* Extensions */ = {
			isa = PBXGroup;
			children = (
				7AA501AA29F05A7000B72F63 /* PrimaryExtensions.swift */,
			);
			path = Extensions;
			sourceTree = "<group>";
		};
/* End PBXGroup section */

/* Begin PBXNativeTarget section */
		7AA5018F29F057E200B72F63 /* Arsenic Level Report */ = {
			isa = PBXNativeTarget;
			buildConfigurationList = 7AA501A329F057E300B72F63 /* Build configuration list for PBXNativeTarget "Arsenic Level Report" */;
			buildPhases = (
				7AA5018C29F057E200B72F63 /* Sources */,
				7AA5018D29F057E200B72F63 /* Frameworks */,
				7AA5018E29F057E200B72F63 /* Resources */,
			);
			buildRules = (
			);
			dependencies = (
			);
			name = "Arsenic Level Report";
			productName = "Arsenic Level Report";
			productReference = 7AA5019029F057E200B72F63 /* Arsenic Level Report.app */;
			productType = "com.apple.product-type.application";
		};
/* End PBXNativeTarget section */

/* Begin PBXProject section */
		7AA5018829F057E200B72F63 /* Project object */ = {
			isa = PBXProject;
			attributes = {
				BuildIndependentTargetsInParallel = 1;
				LastSwiftUpdateCheck = 1410;
				LastUpgradeCheck = 1410;
				TargetAttributes = {
					7AA5018F29F057E200B72F63 = {
						CreatedOnToolsVersion = 14.1;
					};
				};
			};
			buildConfigurationList = 7AA5018B29F057E200B72F63 /* Build configuration list for PBXProject "Arsenic Level Report" */;
			compatibilityVersion = "Xcode 14.0";
			developmentRegion = en;
			hasScannedForEncodings = 0;
			knownRegions = (
				en,
				Base,
			);
			mainGroup = 7AA5018729F057E200B72F63;
			productRefGroup = 7AA5019129F057E200B72F63 /* Products */;
			projectDirPath = "";
			projectRoot = "";
			targets = (
				7AA5018F29F057E200B72F63 /* Arsenic Level Report */,
			);
		};
/* End PBXProject section */

/* Begin PBXResourcesBuildPhase section */
		7AA5018E29F057E200B72F63 /* Resources */ = {
			isa = PBXResourcesBuildPhase;
			buildActionMask = 2147483647;
			files = (
				7AA5019B29F057E300B72F63 /* Preview Assets.xcassets in Resources */,
				7AA5019829F057E300B72F63 /* Assets.xcassets in Resources */,
			);
			runOnlyForDeploymentPostprocessing = 0;
		};
/* End PBXResourcesBuildPhase section */

/* Begin PBXSourcesBuildPhase section */
		7AA5018C29F057E200B72F63 /* Sources */ = {
			isa = PBXSourcesBuildPhase;
			buildActionMask = 2147483647;
			files = (
				7AA501A029F057E300B72F63 /* Arsenic_Level_Report.xcdatamodeld in Sources */,
				7A32272929F05B8D00656ABA /* HomeView.swift in Sources */,
				7AA501A729F05A3000B72F63 /* MainVariables.swift in Sources */,
				7A32272D29F05D5C00656ABA /* NavigationBar.swift in Sources */,
				7AA5019D29F057E300B72F63 /* Persistence.swift in Sources */,
				7AA5019629F057E200B72F63 /* ContentView.swift in Sources */,
				7A32273129F06A5900656ABA /* SheetTransparent.swift in Sources */,
				7A32272F29F0603B00656ABA /* Blur.swift in Sources */,
				7A32273429F06F7C00656ABA /* Model.swift in Sources */,
				7AA501AB29F05A7000B72F63 /* PrimaryExtensions.swift in Sources */,
				7AA5019429F057E200B72F63 /* Arsenic_Level_ReportApp.swift in Sources */,
			);
			runOnlyForDeploymentPostprocessing = 0;
		};
/* End PBXSourcesBuildPhase section */

/* Begin XCBuildConfiguration section */
		7AA501A129F057E300B72F63 /* Debug */ = {
			isa = XCBuildConfiguration;
			buildSettings = {
				ALWAYS_SEARCH_USER_PATHS = NO;
				CLANG_ANALYZER_NONNULL = YES;
				CLANG_ANALYZER_NUMBER_OBJECT_CONVERSION = YES_AGGRESSIVE;
				CLANG_CXX_LANGUAGE_STANDARD = "gnu++20";
				CLANG_ENABLE_MODULES = YES;
				CLANG_ENABLE_OBJC_ARC = YES;
				CLANG_ENABLE_OBJC_WEAK = YES;
				CLANG_WARN_BLOCK_CAPTURE_AUTORELEASING = YES;
				CLANG_WARN_BOOL_CONVERSION = YES;
				CLANG_WARN_COMMA = YES;
				CLANG_WARN_CONSTANT_CONVERSION = YES;
				CLANG_WARN_DEPRECATED_OBJC_IMPLEMENTATIONS = YES;
				CLANG_WARN_DIRECT_OBJC_ISA_USAGE = YES_ERROR;
				CLANG_WARN_DOCUMENTATION_COMMENTS = YES;
				CLANG_WARN_EMPTY_BODY = YES;
				CLANG_WARN_ENUM_CONVERSION = YES;
				CLANG_WARN_INFINITE_RECURSION = YES;
				CLANG_WARN_INT_CONVERSION = YES;
				CLANG_WARN_NON_LITERAL_NULL_CONVERSION = YES;
				CLANG_WARN_OBJC_IMPLICIT_RETAIN_SELF = YES;
				CLANG_WARN_OBJC_LITERAL_CONVERSION = YES;
				CLANG_WARN_OBJC_ROOT_CLASS = YES_ERROR;
				CLANG_WARN_QUOTED_INCLUDE_IN_FRAMEWORK_HEADER = YES;
				CLANG_WARN_RANGE_LOOP_ANALYSIS = YES;
				CLANG_WARN_STRICT_PROTOTYPES = YES;
				CLANG_WARN_SUSPICIOUS_MOVE = YES;
				CLANG_WARN_UNGUARDED_AVAILABILITY = YES_AGGRESSIVE;
				CLANG_WARN_UNREACHABLE_CODE = YES;
				CLANG_WARN__DUPLICATE_METHOD_MATCH = YES;
				COPY_PHASE_STRIP = NO;
				DEBUG_INFORMATION_FORMAT = dwarf;
				ENABLE_STRICT_OBJC_MSGSEND = YES;
				ENABLE_TESTABILITY = YES;
				GCC_C_LANGUAGE_STANDARD = gnu11;
				GCC_DYNAMIC_NO_PIC = NO;
				GCC_NO_COMMON_BLOCKS = YES;
				GCC_OPTIMIZATION_LEVEL = 0;
				GCC_PREPROCESSOR_DEFINITIONS = (
					"DEBUG=1",
					"$(inherited)",
				);
				GCC_WARN_64_TO_32_BIT_CONVERSION = YES;
				GCC_WARN_ABOUT_RETURN_TYPE = YES_ERROR;
				GCC_WARN_UNDECLARED_SELECTOR = YES;
				GCC_WARN_UNINITIALIZED_AUTOS = YES_AGGRESSIVE;
				GCC_WARN_UNUSED_FUNCTION = YES;
				GCC_WARN_UNUSED_VARIABLE = YES;
				IPHONEOS_DEPLOYMENT_TARGET = 16.1;
				MTL_ENABLE_DEBUG_INFO = INCLUDE_SOURCE;
				MTL_FAST_MATH = YES;
				ONLY_ACTIVE_ARCH = YES;
				SDKROOT = iphoneos;
				SWIFT_ACTIVE_COMPILATION_CONDITIONS = DEBUG;
				SWIFT_OPTIMIZATION_LEVEL = "-Onone";
			};
			name = Debug;
		};
		7AA501A229F057E300B72F63 /* Release */ = {
			isa = XCBuildConfiguration;
			buildSettings = {
				ALWAYS_SEARCH_USER_PATHS = NO;
				CLANG_ANALYZER_NONNULL = YES;
				CLANG_ANALYZER_NUMBER_OBJECT_CONVERSION = YES_AGGRESSIVE;
				CLANG_CXX_LANGUAGE_STANDARD = "gnu++20";
				CLANG_ENABLE_MODULES = YES;
				CLANG_ENABLE_OBJC_ARC = YES;
				CLANG_ENABLE_OBJC_WEAK = YES;
				CLANG_WARN_BLOCK_CAPTURE_AUTORELEASING = YES;
				CLANG_WARN_BOOL_CONVERSION = YES;
				CLANG_WARN_COMMA = YES;
				CLANG_WARN_CONSTANT_CONVERSION = YES;
				CLANG_WARN_DEPRECATED_OBJC_IMPLEMENTATIONS = YES;
				CLANG_WARN_DIRECT_OBJC_ISA_USAGE = YES_ERROR;
				CLANG_WARN_DOCUMENTATION_COMMENTS = YES;
				CLANG_WARN_EMPTY_BODY = YES;
				CLANG_WARN_ENUM_CONVERSION = YES;
				CLANG_WARN_INFINITE_RECURSION = YES;
				CLANG_WARN_INT_CONVERSION = YES;
				CLANG_WARN_NON_LITERAL_NULL_CONVERSION = YES;
				CLANG_WARN_OBJC_IMPLICIT_RETAIN_SELF = YES;
				CLANG_WARN_OBJC_LITERAL_CONVERSION = YES;
				CLANG_WARN_OBJC_ROOT_CLASS = YES_ERROR;
				CLANG_WARN_QUOTED_INCLUDE_IN_FRAMEWORK_HEADER = YES;
				CLANG_WARN_RANGE_LOOP_ANALYSIS = YES;
				CLANG_WARN_STRICT_PROTOTYPES = YES;
				CLANG_WARN_SUSPICIOUS_MOVE = YES;
				CLANG_WARN_UNGUARDED_AVAILABILITY = YES_AGGRESSIVE;
				CLANG_WARN_UNREACHABLE_CODE = YES;
				CLANG_WARN__DUPLICATE_METHOD_MATCH = YES;
				COPY_PHASE_STRIP = NO;
				DEBUG_INFORMATION_FORMAT = "dwarf-with-dsym";
				ENABLE_NS_ASSERTIONS = NO;
				ENABLE_STRICT_OBJC_MSGSEND = YES;
				GCC_C_LANGUAGE_STANDARD = gnu11;
				GCC_NO_COMMON_BLOCKS = YES;
				GCC_WARN_64_TO_32_BIT_CONVERSION = YES;
				GCC_WARN_ABOUT_RETURN_TYPE = YES_ERROR;
				GCC_WARN_UNDECLARED_SELECTOR = YES;
				GCC_WARN_UNINITIALIZED_AUTOS = YES_AGGRESSIVE;
				GCC_WARN_UNUSED_FUNCTION = YES;
				GCC_WARN_UNUSED_VARIABLE = YES;
				IPHONEOS_DEPLOYMENT_TARGET = 16.1;
				MTL_ENABLE_DEBUG_INFO = NO;
				MTL_FAST_MATH = YES;
				SDKROOT = iphoneos;
				SWIFT_COMPILATION_MODE = wholemodule;
				SWIFT_OPTIMIZATION_LEVEL = "-O";
				VALIDATE_PRODUCT = YES;
			};
			name = Release;
		};
		7AA501A429F057E300B72F63 /* Debug */ = {
			isa = XCBuildConfiguration;
			buildSettings = {
				ASSETCATALOG_COMPILER_APPICON_NAME = AppIcon;
				ASSETCATALOG_COMPILER_GLOBAL_ACCENT_COLOR_NAME = AccentColor;
				CODE_SIGN_STYLE = Automatic;
				CURRENT_PROJECT_VERSION = 1;
				DEVELOPMENT_ASSET_PATHS = "\"Arsenic Level Report/Preview Content\"";
				DEVELOPMENT_TEAM = 9V43N6T968;
				ENABLE_PREVIEWS = YES;
				GENERATE_INFOPLIST_FILE = YES;
				INFOPLIST_KEY_UIApplicationSceneManifest_Generation = YES;
				INFOPLIST_KEY_UIApplicationSupportsIndirectInputEvents = YES;
				INFOPLIST_KEY_UILaunchScreen_Generation = YES;
				INFOPLIST_KEY_UISupportedInterfaceOrientations_iPad = "UIInterfaceOrientationPortrait UIInterfaceOrientationPortraitUpsideDown UIInterfaceOrientationLandscapeLeft UIInterfaceOrientationLandscapeRight";
				INFOPLIST_KEY_UISupportedInterfaceOrientations_iPhone = "UIInterfaceOrientationPortrait UIInterfaceOrientationLandscapeLeft UIInterfaceOrientationLandscapeRight";
				LD_RUNPATH_SEARCH_PATHS = (
					"$(inherited)",
					"@executable_path/Frameworks",
				);
				MARKETING_VERSION = 1.0;
				PRODUCT_BUNDLE_IDENTIFIER = "com.anshumali.Arsenic-Level-Report";
				PRODUCT_NAME = "$(TARGET_NAME)";
				SWIFT_EMIT_LOC_STRINGS = YES;
				SWIFT_VERSION = 5.0;
				TARGETED_DEVICE_FAMILY = "1,2";
			};
			name = Debug;
		};
		7AA501A529F057E300B72F63 /* Release */ = {
			isa = XCBuildConfiguration;
			buildSettings = {
				ASSETCATALOG_COMPILER_APPICON_NAME = AppIcon;
				ASSETCATALOG_COMPILER_GLOBAL_ACCENT_COLOR_NAME = AccentColor;
				CODE_SIGN_STYLE = Automatic;
				CURRENT_PROJECT_VERSION = 1;
				DEVELOPMENT_ASSET_PATHS = "\"Arsenic Level Report/Preview Content\"";
				DEVELOPMENT_TEAM = 9V43N6T968;
				ENABLE_PREVIEWS = YES;
				GENERATE_INFOPLIST_FILE = YES;
				INFOPLIST_KEY_UIApplicationSceneManifest_Generation = YES;
				INFOPLIST_KEY_UIApplicationSupportsIndirectInputEvents = YES;
				INFOPLIST_KEY_UILaunchScreen_Generation = YES;
				INFOPLIST_KEY_UISupportedInterfaceOrientations_iPad = "UIInterfaceOrientationPortrait UIInterfaceOrientationPortraitUpsideDown UIInterfaceOrientationLandscapeLeft UIInterfaceOrientationLandscapeRight";
				INFOPLIST_KEY_UISupportedInterfaceOrientations_iPhone = "UIInterfaceOrientationPortrait UIInterfaceOrientationLandscapeLeft UIInterfaceOrientationLandscapeRight";
				LD_RUNPATH_SEARCH_PATHS = (
					"$(inherited)",
					"@executable_path/Frameworks",
				);
				MARKETING_VERSION = 1.0;
				PRODUCT_BUNDLE_IDENTIFIER = "com.anshumali.Arsenic-Level-Report";
				PRODUCT_NAME = "$(TARGET_NAME)";
				SWIFT_EMIT_LOC_STRINGS = YES;
				SWIFT_VERSION = 5.0;
				TARGETED_DEVICE_FAMILY = "1,2";
			};
			name = Release;
		};
/* End XCBuildConfiguration section */

/* Begin XCConfigurationList section */
		7AA5018B29F057E200B72F63 /* Build configuration list for PBXProject "Arsenic Level Report" */ = {
			isa = XCConfigurationList;
			buildConfigurations = (
				7AA501A129F057E300B72F63 /* Debug */,
				7AA501A229F057E300B72F63 /* Release */,
			);
			defaultConfigurationIsVisible = 0;
			defaultConfigurationName = Release;
		};
		7AA501A329F057E300B72F63 /* Build configuration list for PBXNativeTarget "Arsenic Level Report" */ = {
			isa = XCConfigurationList;
			buildConfigurations = (
				7AA501A429F057E300B72F63 /* Debug */,
				7AA501A529F057E300B72F63 /* Release */,
			);
			defaultConfigurationIsVisible = 0;
			defaultConfigurationName = Release;
		};
/* End XCConfigurationList section */

/* Begin XCVersionGroup section */
		7AA5019E29F057E300B72F63 /* Arsenic_Level_Report.xcdatamodeld */ = {
			isa = XCVersionGroup;
			children = (
				7AA5019F29F057E300B72F63 /* Arsenic_Level_Report.xcdatamodel */,
			);
			currentVersion = 7AA5019F29F057E300B72F63 /* Arsenic_Level_Report.xcdatamodel */;
			path = Arsenic_Level_Report.xcdatamodeld;
			sourceTree = "<group>";
			versionGroupType = wrapper.xcdatamodel;
		};
/* End XCVersionGroup section */
	};
	rootObject = 7AA5018829F057E200B72F63 /* Project object */;
}
